
Microsoft Visual Studio Solution File, Format Version 12.00
# Visual Studio Version 17
VisualStudioVersion = 17.10.34928.147
MinimumVisualStudioVersion = 10.0.40219.1
Project("{9A19103F-16F7-4668-BE54-9A1E7A4F7556}") = "MovieService.API", "MovieService.API\MovieService.API.csproj", "{EA39D6B2-CC98-425A-84CE-375C760045C5}"
EndProject
Project("{9A19103F-16F7-4668-BE54-9A1E7A4F7556}") = "MovieService.Application", "MovieService.Application\MovieService.Application.csproj", "{443B1D38-812F-4B62-87CF-48EFE50712B2}"
EndProject
Project("{9A19103F-16F7-4668-BE54-9A1E7A4F7556}") = "MovieService.Domain", "MovieService.Domain\MovieService.Domain.csproj", "{B42C319E-072E-4A50-AF11-1F8D0C6E8E30}"
EndProject
Project("{9A19103F-16F7-4668-BE54-9A1E7A4F7556}") = "MovieService.Infrastructure", "MovieService.Infrastructure\MovieService.Infrastructure.csproj", "{CDF056F9-831D-455D-B8A1-D85F7079C607}"
EndProject
Project("{9A19103F-16F7-4668-BE54-9A1E7A4F7556}") = "MovieService.Persistence", "MovieService.Persistence\MovieService.Persistence.csproj", "{949DC091-FEC4-4EDE-B2BA-2B2D7C14AA72}"
EndProject
Project("{9A19103F-16F7-4668-BE54-9A1E7A4F7556}") = "Protobufs", "..\..\Shared\Protobufs\Protobufs.csproj", "{D8A2C495-E340-44E3-B971-1D087AFFBB82}"
EndProject
Project("{FAE04EC0-301F-11D3-BF4B-00C04F79EFBC}") = "Brokers", "..\..\Shared\Brokers\Brokers.csproj", "{4C8CEEA5-2C57-4308-BBD4-9FE10CC18D23}"
EndProject
Global
	GlobalSection(SolutionConfigurationPlatforms) = preSolution
		Debug|Any CPU = Debug|Any CPU
		Release|Any CPU = Release|Any CPU
	EndGlobalSection
	GlobalSection(ProjectConfigurationPlatforms) = postSolution
		{EA39D6B2-CC98-425A-84CE-375C760045C5}.Debug|Any CPU.ActiveCfg = Debug|Any CPU
		{EA39D6B2-CC98-425A-84CE-375C760045C5}.Debug|Any CPU.Build.0 = Debug|Any CPU
		{EA39D6B2-CC98-425A-84CE-375C760045C5}.Release|Any CPU.ActiveCfg = Release|Any CPU
		{EA39D6B2-CC98-425A-84CE-375C760045C5}.Release|Any CPU.Build.0 = Release|Any CPU
		{443B1D38-812F-4B62-87CF-48EFE50712B2}.Debug|Any CPU.ActiveCfg = Debug|Any CPU
		{443B1D38-812F-4B62-87CF-48EFE50712B2}.Debug|Any CPU.Build.0 = Debug|Any CPU
		{443B1D38-812F-4B62-87CF-48EFE50712B2}.Release|Any CPU.ActiveCfg = Release|Any CPU
		{443B1D38-812F-4B62-87CF-48EFE50712B2}.Release|Any CPU.Build.0 = Release|Any CPU
		{B42C319E-072E-4A50-AF11-1F8D0C6E8E30}.Debug|Any CPU.ActiveCfg = Debug|Any CPU
		{B42C319E-072E-4A50-AF11-1F8D0C6E8E30}.Debug|Any CPU.Build.0 = Debug|Any CPU
		{B42C319E-072E-4A50-AF11-1F8D0C6E8E30}.Release|Any CPU.ActiveCfg = Release|Any CPU
		{B42C319E-072E-4A50-AF11-1F8D0C6E8E30}.Release|Any CPU.Build.0 = Release|Any CPU
		{CDF056F9-831D-455D-B8A1-D85F7079C607}.Debug|Any CPU.ActiveCfg = Debug|Any CPU
		{CDF056F9-831D-455D-B8A1-D85F7079C607}.Debug|Any CPU.Build.0 = Debug|Any CPU
		{CDF056F9-831D-455D-B8A1-D85F7079C607}.Release|Any CPU.ActiveCfg = Release|Any CPU
		{CDF056F9-831D-455D-B8A1-D85F7079C607}.Release|Any CPU.Build.0 = Release|Any CPU
		{949DC091-FEC4-4EDE-B2BA-2B2D7C14AA72}.Debug|Any CPU.ActiveCfg = Debug|Any CPU
		{949DC091-FEC4-4EDE-B2BA-2B2D7C14AA72}.Debug|Any CPU.Build.0 = Debug|Any CPU
		{949DC091-FEC4-4EDE-B2BA-2B2D7C14AA72}.Release|Any CPU.ActiveCfg = Release|Any CPU
		{949DC091-FEC4-4EDE-B2BA-2B2D7C14AA72}.Release|Any CPU.Build.0 = Release|Any CPU
		{D8A2C495-E340-44E3-B971-1D087AFFBB82}.Debug|Any CPU.ActiveCfg = Debug|Any CPU
		{D8A2C495-E340-44E3-B971-1D087AFFBB82}.Debug|Any CPU.Build.0 = Debug|Any CPU
		{D8A2C495-E340-44E3-B971-1D087AFFBB82}.Release|Any CPU.ActiveCfg = Release|Any CPU
		{D8A2C495-E340-44E3-B971-1D087AFFBB82}.Release|Any CPU.Build.0 = Release|Any CPU
		{4C8CEEA5-2C57-4308-BBD4-9FE10CC18D23}.Debug|Any CPU.ActiveCfg = Debug|Any CPU
		{4C8CEEA5-2C57-4308-BBD4-9FE10CC18D23}.Debug|Any CPU.Build.0 = Debug|Any CPU
		{4C8CEEA5-2C57-4308-BBD4-9FE10CC18D23}.Release|Any CPU.ActiveCfg = Release|Any CPU
		{4C8CEEA5-2C57-4308-BBD4-9FE10CC18D23}.Release|Any CPU.Build.0 = Release|Any CPU
	EndGlobalSection
	GlobalSection(SolutionProperties) = preSolution
		HideSolutionNode = FALSE
	EndGlobalSection
	GlobalSection(ExtensibilityGlobals) = postSolution
		SolutionGuid = {177B7644-CE75-465D-B46B-B5405611A9D9}
	EndGlobalSection
EndGlobal
