
Microsoft Visual Studio Solution File, Format Version 12.00
# Visual Studio Version 17
VisualStudioVersion = 17.12.35707.178
MinimumVisualStudioVersion = 10.0.40219.1
Project("{FAE04EC0-301F-11D3-BF4B-00C04F79EFBC}") = "UserService.API", "server\Microservices\UserService\UserService.API\UserService.API.csproj", "{10A8D412-F12B-4144-91C7-76B3AC4B95C1}"
EndProject
Project("{2150E333-8FDC-42A3-9474-1A3956D46DE8}") = "Users", "Users", "{17734E18-39C5-44D1-B3A1-607FA20A1AC7}"
	ProjectSection(SolutionItems) = preProject
		server\Microservices\UserService\README.md = server\Microservices\UserService\README.md
		server\UsersDockerfile = server\UsersDockerfile
	EndProjectSection
EndProject
Project("{FAE04EC0-301F-11D3-BF4B-00C04F79EFBC}") = "UserService.Application", "server\Microservices\UserService\UserService.Application\UserService.Application.csproj", "{129B683A-D1EC-4F5A-93AD-E283E508CD80}"
EndProject
Project("{FAE04EC0-301F-11D3-BF4B-00C04F79EFBC}") = "UserService.Domain", "server\Microservices\UserService\UserService.Domain\UserService.Domain.csproj", "{8F12EE2A-D6FC-4227-9034-630720072A2B}"
EndProject
Project("{FAE04EC0-301F-11D3-BF4B-00C04F79EFBC}") = "UserService.Infrastructure", "server\Microservices\UserService\UserService.Infrastructure\UserService.Infrastructure.csproj", "{72809081-F10C-4807-8A8D-5120085AAF21}"
EndProject
Project("{FAE04EC0-301F-11D3-BF4B-00C04F79EFBC}") = "UserService.Persistence", "server\Microservices\UserService\UserService.Persistence\UserService.Persistence.csproj", "{4FB29F80-ADF9-4E1F-BCE6-1C6BF02A88D2}"
EndProject
Project("{2150E333-8FDC-42A3-9474-1A3956D46DE8}") = "Movies", "Movies", "{E1DD8653-CECF-446E-AB19-0B8637A63C84}"
	ProjectSection(SolutionItems) = preProject
		server\MoviesDockerfile = server\MoviesDockerfile
		server\Microservices\MovieService\README.md = server\Microservices\MovieService\README.md
	EndProjectSection
EndProject
Project("{FAE04EC0-301F-11D3-BF4B-00C04F79EFBC}") = "MovieService.API", "server\Microservices\MovieService\MovieService.API\MovieService.API.csproj", "{75A37FC1-1CBE-4951-A140-3F2DD64633F8}"
EndProject
Project("{FAE04EC0-301F-11D3-BF4B-00C04F79EFBC}") = "MovieService.Application", "server\Microservices\MovieService\MovieService.Application\MovieService.Application.csproj", "{4883C322-011D-4CE2-84B3-C44FECDCB4A9}"
EndProject
Project("{FAE04EC0-301F-11D3-BF4B-00C04F79EFBC}") = "MovieService.Domain", "server\Microservices\MovieService\MovieService.Domain\MovieService.Domain.csproj", "{CCEA9C68-519F-4406-B423-A7B89D61A971}"
EndProject
Project("{FAE04EC0-301F-11D3-BF4B-00C04F79EFBC}") = "MovieService.Infrastructure", "server\Microservices\MovieService\MovieService.Infrastructure\MovieService.Infrastructure.csproj", "{C367AE8F-6980-4DBE-B9AB-906D0D4DCC15}"
EndProject
Project("{FAE04EC0-301F-11D3-BF4B-00C04F79EFBC}") = "MovieService.Persistence", "server\Microservices\MovieService\MovieService.Persistence\MovieService.Persistence.csproj", "{A860B11A-43AF-4964-8157-CF3B5F1B0973}"
EndProject
Project("{2150E333-8FDC-42A3-9474-1A3956D46DE8}") = "Shared", "Shared", "{1274FE91-8690-4357-ACEE-1D2B71BC2A57}"
EndProject
Project("{2150E333-8FDC-42A3-9474-1A3956D46DE8}") = "Bookings", "Bookings", "{3A999BB8-EE9E-4007-A787-3D4C0F0D0EFE}"
	ProjectSection(SolutionItems) = preProject
		server\BookingsDockerfile = server\BookingsDockerfile
		server\Microservices\BookingService\README.md = server\Microservices\BookingService\README.md
	EndProjectSection
EndProject
Project("{2150E333-8FDC-42A3-9474-1A3956D46DE8}") = "src", "src", "{0F63F38A-8A9A-471F-90B8-BCF1A4B3E089}"
	ProjectSection(SolutionItems) = preProject
		docker-compose.yml = docker-compose.yml
	EndProjectSection
EndProject
Project("{FAE04EC0-301F-11D3-BF4B-00C04F79EFBC}") = "BookingService.API", "server\Microservices\BookingService\BookingService.API\BookingService.API.csproj", "{EAD3CFCF-BA8F-4A53-ADD3-EEC3ABD93763}"
EndProject
Project("{FAE04EC0-301F-11D3-BF4B-00C04F79EFBC}") = "BookingService.Application", "server\Microservices\BookingService\BookingService.Application\BookingService.Application.csproj", "{80790239-8B55-4610-8C63-878887A58BA3}"
EndProject
Project("{FAE04EC0-301F-11D3-BF4B-00C04F79EFBC}") = "BookingService.Domain", "server\Microservices\BookingService\BookingService.Domain\BookingService.Domain.csproj", "{26C29642-AF76-4AD5-AC19-60D4D039BB14}"
EndProject
Project("{FAE04EC0-301F-11D3-BF4B-00C04F79EFBC}") = "BookingService.Infrastructure", "server\Microservices\BookingService\BookingService.Infrastructure\BookingService.Infrastructure.csproj", "{BA3EF239-2160-4193-887E-9A55D631104F}"
EndProject
Project("{FAE04EC0-301F-11D3-BF4B-00C04F79EFBC}") = "BookingService.Persistence", "server\Microservices\BookingService\BookingService.Persistence\BookingService.Persistence.csproj", "{EC7DF9E7-F5D5-44A0-A4DC-F11C361D0B3C}"
EndProject
Project("{2150E333-8FDC-42A3-9474-1A3956D46DE8}") = "Infrastructure", "Infrastructure", "{AE79882F-F119-474E-9477-8D92C4428C6C}"
EndProject
Project("{2150E333-8FDC-42A3-9474-1A3956D46DE8}") = "API", "API", "{F7ADD6EA-5D69-4596-BA57-0EA57A0C1698}"
EndProject
Project("{FAE04EC0-301F-11D3-BF4B-00C04F79EFBC}") = "Protobufs", "server\Shared\Infrascructure\Protobufs\Protobufs.csproj", "{3F1CF1B3-2FB5-4E51-A223-0DCC37CC9CAD}"
EndProject
Project("{FAE04EC0-301F-11D3-BF4B-00C04F79EFBC}") = "Brokers", "server\Shared\Infrascructure\Brokers\Brokers.csproj", "{8EEF36B3-6479-4029-BB3D-955937FC38E1}"
EndProject
Project("{FAE04EC0-301F-11D3-BF4B-00C04F79EFBC}") = "Extensions", "server\Shared\API\Extensions\Extensions.csproj", "{106B0C00-D18D-49FB-9711-120317DC8BC0}"
EndProject
Project("{2150E333-8FDC-42A3-9474-1A3956D46DE8}") = "Domain", "Domain", "{388AFAF3-296A-4BA9-9CAE-3F0181AB79C6}"
EndProject
Project("{FAE04EC0-301F-11D3-BF4B-00C04F79EFBC}") = "Redis", "Redis\Redis.csproj", "{ED309319-27B7-4FE6-902F-B0CE45EE83FC}"
EndProject
Global
	GlobalSection(SolutionConfigurationPlatforms) = preSolution
		Debug|Any CPU = Debug|Any CPU
		Release|Any CPU = Release|Any CPU
	EndGlobalSection
	GlobalSection(ProjectConfigurationPlatforms) = postSolution
		{10A8D412-F12B-4144-91C7-76B3AC4B95C1}.Debug|Any CPU.ActiveCfg = Debug|Any CPU
		{10A8D412-F12B-4144-91C7-76B3AC4B95C1}.Debug|Any CPU.Build.0 = Debug|Any CPU
		{10A8D412-F12B-4144-91C7-76B3AC4B95C1}.Release|Any CPU.ActiveCfg = Release|Any CPU
		{10A8D412-F12B-4144-91C7-76B3AC4B95C1}.Release|Any CPU.Build.0 = Release|Any CPU
		{129B683A-D1EC-4F5A-93AD-E283E508CD80}.Debug|Any CPU.ActiveCfg = Debug|Any CPU
		{129B683A-D1EC-4F5A-93AD-E283E508CD80}.Debug|Any CPU.Build.0 = Debug|Any CPU
		{129B683A-D1EC-4F5A-93AD-E283E508CD80}.Release|Any CPU.ActiveCfg = Release|Any CPU
		{129B683A-D1EC-4F5A-93AD-E283E508CD80}.Release|Any CPU.Build.0 = Release|Any CPU
		{8F12EE2A-D6FC-4227-9034-630720072A2B}.Debug|Any CPU.ActiveCfg = Debug|Any CPU
		{8F12EE2A-D6FC-4227-9034-630720072A2B}.Debug|Any CPU.Build.0 = Debug|Any CPU
		{8F12EE2A-D6FC-4227-9034-630720072A2B}.Release|Any CPU.ActiveCfg = Release|Any CPU
		{8F12EE2A-D6FC-4227-9034-630720072A2B}.Release|Any CPU.Build.0 = Release|Any CPU
		{72809081-F10C-4807-8A8D-5120085AAF21}.Debug|Any CPU.ActiveCfg = Debug|Any CPU
		{72809081-F10C-4807-8A8D-5120085AAF21}.Debug|Any CPU.Build.0 = Debug|Any CPU
		{72809081-F10C-4807-8A8D-5120085AAF21}.Release|Any CPU.ActiveCfg = Release|Any CPU
		{72809081-F10C-4807-8A8D-5120085AAF21}.Release|Any CPU.Build.0 = Release|Any CPU
		{4FB29F80-ADF9-4E1F-BCE6-1C6BF02A88D2}.Debug|Any CPU.ActiveCfg = Debug|Any CPU
		{4FB29F80-ADF9-4E1F-BCE6-1C6BF02A88D2}.Debug|Any CPU.Build.0 = Debug|Any CPU
		{4FB29F80-ADF9-4E1F-BCE6-1C6BF02A88D2}.Release|Any CPU.ActiveCfg = Release|Any CPU
		{4FB29F80-ADF9-4E1F-BCE6-1C6BF02A88D2}.Release|Any CPU.Build.0 = Release|Any CPU
		{75A37FC1-1CBE-4951-A140-3F2DD64633F8}.Debug|Any CPU.ActiveCfg = Debug|Any CPU
		{75A37FC1-1CBE-4951-A140-3F2DD64633F8}.Debug|Any CPU.Build.0 = Debug|Any CPU
		{75A37FC1-1CBE-4951-A140-3F2DD64633F8}.Release|Any CPU.ActiveCfg = Release|Any CPU
		{75A37FC1-1CBE-4951-A140-3F2DD64633F8}.Release|Any CPU.Build.0 = Release|Any CPU
		{4883C322-011D-4CE2-84B3-C44FECDCB4A9}.Debug|Any CPU.ActiveCfg = Debug|Any CPU
		{4883C322-011D-4CE2-84B3-C44FECDCB4A9}.Debug|Any CPU.Build.0 = Debug|Any CPU
		{4883C322-011D-4CE2-84B3-C44FECDCB4A9}.Release|Any CPU.ActiveCfg = Release|Any CPU
		{4883C322-011D-4CE2-84B3-C44FECDCB4A9}.Release|Any CPU.Build.0 = Release|Any CPU
		{CCEA9C68-519F-4406-B423-A7B89D61A971}.Debug|Any CPU.ActiveCfg = Debug|Any CPU
		{CCEA9C68-519F-4406-B423-A7B89D61A971}.Debug|Any CPU.Build.0 = Debug|Any CPU
		{CCEA9C68-519F-4406-B423-A7B89D61A971}.Release|Any CPU.ActiveCfg = Release|Any CPU
		{CCEA9C68-519F-4406-B423-A7B89D61A971}.Release|Any CPU.Build.0 = Release|Any CPU
		{C367AE8F-6980-4DBE-B9AB-906D0D4DCC15}.Debug|Any CPU.ActiveCfg = Debug|Any CPU
		{C367AE8F-6980-4DBE-B9AB-906D0D4DCC15}.Debug|Any CPU.Build.0 = Debug|Any CPU
		{C367AE8F-6980-4DBE-B9AB-906D0D4DCC15}.Release|Any CPU.ActiveCfg = Release|Any CPU
		{C367AE8F-6980-4DBE-B9AB-906D0D4DCC15}.Release|Any CPU.Build.0 = Release|Any CPU
		{A860B11A-43AF-4964-8157-CF3B5F1B0973}.Debug|Any CPU.ActiveCfg = Debug|Any CPU
		{A860B11A-43AF-4964-8157-CF3B5F1B0973}.Debug|Any CPU.Build.0 = Debug|Any CPU
		{A860B11A-43AF-4964-8157-CF3B5F1B0973}.Release|Any CPU.ActiveCfg = Release|Any CPU
		{A860B11A-43AF-4964-8157-CF3B5F1B0973}.Release|Any CPU.Build.0 = Release|Any CPU
		{EAD3CFCF-BA8F-4A53-ADD3-EEC3ABD93763}.Debug|Any CPU.ActiveCfg = Debug|Any CPU
		{EAD3CFCF-BA8F-4A53-ADD3-EEC3ABD93763}.Debug|Any CPU.Build.0 = Debug|Any CPU
		{EAD3CFCF-BA8F-4A53-ADD3-EEC3ABD93763}.Release|Any CPU.ActiveCfg = Release|Any CPU
		{EAD3CFCF-BA8F-4A53-ADD3-EEC3ABD93763}.Release|Any CPU.Build.0 = Release|Any CPU
		{80790239-8B55-4610-8C63-878887A58BA3}.Debug|Any CPU.ActiveCfg = Debug|Any CPU
		{80790239-8B55-4610-8C63-878887A58BA3}.Debug|Any CPU.Build.0 = Debug|Any CPU
		{80790239-8B55-4610-8C63-878887A58BA3}.Release|Any CPU.ActiveCfg = Release|Any CPU
		{80790239-8B55-4610-8C63-878887A58BA3}.Release|Any CPU.Build.0 = Release|Any CPU
		{26C29642-AF76-4AD5-AC19-60D4D039BB14}.Debug|Any CPU.ActiveCfg = Debug|Any CPU
		{26C29642-AF76-4AD5-AC19-60D4D039BB14}.Debug|Any CPU.Build.0 = Debug|Any CPU
		{26C29642-AF76-4AD5-AC19-60D4D039BB14}.Release|Any CPU.ActiveCfg = Release|Any CPU
		{26C29642-AF76-4AD5-AC19-60D4D039BB14}.Release|Any CPU.Build.0 = Release|Any CPU
		{BA3EF239-2160-4193-887E-9A55D631104F}.Debug|Any CPU.ActiveCfg = Debug|Any CPU
		{BA3EF239-2160-4193-887E-9A55D631104F}.Debug|Any CPU.Build.0 = Debug|Any CPU
		{BA3EF239-2160-4193-887E-9A55D631104F}.Release|Any CPU.ActiveCfg = Release|Any CPU
		{BA3EF239-2160-4193-887E-9A55D631104F}.Release|Any CPU.Build.0 = Release|Any CPU
		{EC7DF9E7-F5D5-44A0-A4DC-F11C361D0B3C}.Debug|Any CPU.ActiveCfg = Debug|Any CPU
		{EC7DF9E7-F5D5-44A0-A4DC-F11C361D0B3C}.Debug|Any CPU.Build.0 = Debug|Any CPU
		{EC7DF9E7-F5D5-44A0-A4DC-F11C361D0B3C}.Release|Any CPU.ActiveCfg = Release|Any CPU
		{EC7DF9E7-F5D5-44A0-A4DC-F11C361D0B3C}.Release|Any CPU.Build.0 = Release|Any CPU
		{3F1CF1B3-2FB5-4E51-A223-0DCC37CC9CAD}.Debug|Any CPU.ActiveCfg = Debug|Any CPU
		{3F1CF1B3-2FB5-4E51-A223-0DCC37CC9CAD}.Debug|Any CPU.Build.0 = Debug|Any CPU
		{3F1CF1B3-2FB5-4E51-A223-0DCC37CC9CAD}.Release|Any CPU.ActiveCfg = Release|Any CPU
		{3F1CF1B3-2FB5-4E51-A223-0DCC37CC9CAD}.Release|Any CPU.Build.0 = Release|Any CPU
		{8EEF36B3-6479-4029-BB3D-955937FC38E1}.Debug|Any CPU.ActiveCfg = Debug|Any CPU
		{8EEF36B3-6479-4029-BB3D-955937FC38E1}.Debug|Any CPU.Build.0 = Debug|Any CPU
		{8EEF36B3-6479-4029-BB3D-955937FC38E1}.Release|Any CPU.ActiveCfg = Release|Any CPU
		{8EEF36B3-6479-4029-BB3D-955937FC38E1}.Release|Any CPU.Build.0 = Release|Any CPU
		{106B0C00-D18D-49FB-9711-120317DC8BC0}.Debug|Any CPU.ActiveCfg = Debug|Any CPU
		{106B0C00-D18D-49FB-9711-120317DC8BC0}.Debug|Any CPU.Build.0 = Debug|Any CPU
		{106B0C00-D18D-49FB-9711-120317DC8BC0}.Release|Any CPU.ActiveCfg = Release|Any CPU
		{106B0C00-D18D-49FB-9711-120317DC8BC0}.Release|Any CPU.Build.0 = Release|Any CPU
		{ED309319-27B7-4FE6-902F-B0CE45EE83FC}.Debug|Any CPU.ActiveCfg = Debug|Any CPU
		{ED309319-27B7-4FE6-902F-B0CE45EE83FC}.Debug|Any CPU.Build.0 = Debug|Any CPU
		{ED309319-27B7-4FE6-902F-B0CE45EE83FC}.Release|Any CPU.ActiveCfg = Release|Any CPU
		{ED309319-27B7-4FE6-902F-B0CE45EE83FC}.Release|Any CPU.Build.0 = Release|Any CPU
	EndGlobalSection
	GlobalSection(SolutionProperties) = preSolution
		HideSolutionNode = FALSE
	EndGlobalSection
	GlobalSection(NestedProjects) = preSolution
		{10A8D412-F12B-4144-91C7-76B3AC4B95C1} = {17734E18-39C5-44D1-B3A1-607FA20A1AC7}
		{17734E18-39C5-44D1-B3A1-607FA20A1AC7} = {0F63F38A-8A9A-471F-90B8-BCF1A4B3E089}
		{129B683A-D1EC-4F5A-93AD-E283E508CD80} = {17734E18-39C5-44D1-B3A1-607FA20A1AC7}
		{8F12EE2A-D6FC-4227-9034-630720072A2B} = {17734E18-39C5-44D1-B3A1-607FA20A1AC7}
		{72809081-F10C-4807-8A8D-5120085AAF21} = {17734E18-39C5-44D1-B3A1-607FA20A1AC7}
		{4FB29F80-ADF9-4E1F-BCE6-1C6BF02A88D2} = {17734E18-39C5-44D1-B3A1-607FA20A1AC7}
		{E1DD8653-CECF-446E-AB19-0B8637A63C84} = {0F63F38A-8A9A-471F-90B8-BCF1A4B3E089}
		{75A37FC1-1CBE-4951-A140-3F2DD64633F8} = {E1DD8653-CECF-446E-AB19-0B8637A63C84}
		{4883C322-011D-4CE2-84B3-C44FECDCB4A9} = {E1DD8653-CECF-446E-AB19-0B8637A63C84}
		{CCEA9C68-519F-4406-B423-A7B89D61A971} = {E1DD8653-CECF-446E-AB19-0B8637A63C84}
		{C367AE8F-6980-4DBE-B9AB-906D0D4DCC15} = {E1DD8653-CECF-446E-AB19-0B8637A63C84}
		{A860B11A-43AF-4964-8157-CF3B5F1B0973} = {E1DD8653-CECF-446E-AB19-0B8637A63C84}
		{1274FE91-8690-4357-ACEE-1D2B71BC2A57} = {0F63F38A-8A9A-471F-90B8-BCF1A4B3E089}
		{3A999BB8-EE9E-4007-A787-3D4C0F0D0EFE} = {0F63F38A-8A9A-471F-90B8-BCF1A4B3E089}
		{EAD3CFCF-BA8F-4A53-ADD3-EEC3ABD93763} = {3A999BB8-EE9E-4007-A787-3D4C0F0D0EFE}
		{80790239-8B55-4610-8C63-878887A58BA3} = {3A999BB8-EE9E-4007-A787-3D4C0F0D0EFE}
		{26C29642-AF76-4AD5-AC19-60D4D039BB14} = {3A999BB8-EE9E-4007-A787-3D4C0F0D0EFE}
		{BA3EF239-2160-4193-887E-9A55D631104F} = {3A999BB8-EE9E-4007-A787-3D4C0F0D0EFE}
		{EC7DF9E7-F5D5-44A0-A4DC-F11C361D0B3C} = {3A999BB8-EE9E-4007-A787-3D4C0F0D0EFE}
		{AE79882F-F119-474E-9477-8D92C4428C6C} = {1274FE91-8690-4357-ACEE-1D2B71BC2A57}
		{F7ADD6EA-5D69-4596-BA57-0EA57A0C1698} = {1274FE91-8690-4357-ACEE-1D2B71BC2A57}
		{3F1CF1B3-2FB5-4E51-A223-0DCC37CC9CAD} = {AE79882F-F119-474E-9477-8D92C4428C6C}
		{8EEF36B3-6479-4029-BB3D-955937FC38E1} = {AE79882F-F119-474E-9477-8D92C4428C6C}
		{106B0C00-D18D-49FB-9711-120317DC8BC0} = {F7ADD6EA-5D69-4596-BA57-0EA57A0C1698}
		{388AFAF3-296A-4BA9-9CAE-3F0181AB79C6} = {1274FE91-8690-4357-ACEE-1D2B71BC2A57}
		{ED309319-27B7-4FE6-902F-B0CE45EE83FC} = {AE79882F-F119-474E-9477-8D92C4428C6C}
	EndGlobalSection
EndGlobal
